# THIS IS AN AUTOGENERATED FILE. DO NOT EDIT THIS FILE DIRECTLY.
# yarn lockfile v1


as-wasi@^0.4.4:
  version "0.4.4"
  resolved "https://registry.yarnpkg.com/as-wasi/-/as-wasi-0.4.4.tgz#3b439c25e975d8cc04f6deec898b57138862aa15"
  integrity sha512-CNeZ3AjKSjrFXRNDRzX1VzxsWz3Fwksn4g0J7tZv5RKz4agKhVlcl0QeMIOOkJms7DujCBCpbelGxNDtvlFKmw==

assemblyscript@^0.17.13:
  version "0.17.13"
  resolved "https://registry.yarnpkg.com/assemblyscript/-/assemblyscript-0.17.13.tgz#2006601985beca63018a5f76933066de060ddda5"
  integrity sha512-ok34czSbqkmoooaYA7j6S29QEBCgDu6DIQMN3A4AP9K8PjOilRPPxLkHYvbtyvrFr9bmscrlwPJDKF9LgcwXRw==
  dependencies:
    binaryen "98.0.0-nightly.20201109"
    long "^4.0.0"

binaryen@98.0.0-nightly.20201109:
  version "98.0.0-nightly.20201109"
  resolved "https://registry.yarnpkg.com/binaryen/-/binaryen-98.0.0-nightly.20201109.tgz#512bf6ca15c67bf7402144734a4836e63993aa05"
  integrity sha512-iRarAqdH5lMWlMBzrDuJgLYJR2g4QXk93iYE2zpr6gEZkb/jCgDpPUXdhuN11Ge1zZ/6By4DwA1mmifcx7FWaw==

long@^4.0.0:
  version "4.0.0"
  resolved "https://registry.yarnpkg.com/long/-/long-4.0.0.tgz#9a7b71cfb7d361a194ea555241c92f7468d5bf28"
  integrity sha512-XsP+KhQif4bjX1kbuSiySJFNAehNxgLb6hPRGJ9QsUr8ajHkuXGdrHmFUTUUXhDwVX2R5bY4JNZEwbUiMhV+MA==
