github.com/alphahorizonio/tinynet v0.0.0-20210109211552-65d666cd3d85 h1:BK3KtAq2JBRHs9I3YPwPuC8f8fJIeatf9LU32IOhgas=
github.com/alphahorizonio/tinynet v0.0.0-20210109211552-65d666cd3d85/go.mod h1:0dKCYogxMb7VP7L/P2pauztI39BgzjQ/Y1QIkljNYi0=
github.com/alphahorizonio/unisockets v0.1.1 h1:LNR3Uy+xm09zlj0QGlrDw2ljF80/4J/nbfvpqBeXSpM=
github.com/alphahorizonio/unisockets v0.1.1/go.mod h1:GHmI67/4EW9Jx+d1QiytJOHXnlI127uErrRgIHzwBB4=
github.com/valyala/fastjson v1.6.3/go.mod h1:CLCAqky6SMuOcxStkYQvblddUtoRxhYMGLrsQns1aXY=
